%{
  "elixir_make": {:hex, :elixir_make, "0.6.3", "bc07d53221216838d79e03a8019d0839786703129599e9619f4ab74c8c096eac", [:mix], [], "hexpm", "f5cbd651c5678bcaabdbb7857658ee106b12509cd976c2c2fca99688e1daf716"},
  "ex_image_info": {:hex, :ex_image_info, "0.2.7", "0460539183b6fd5f4ab2d068839922379d6b27c28b25f11757fdf28a5f5c79b1", [:mix], [], "hexpm", "c17cd937e044e2a26962c37cd8965acc0b31cb5fe7bc8119c721546b943c06ca"},
  "font_metrics": {:hex, :font_metrics, "0.5.2", "4a3f0223308f999a9773adc026e1f81fb094973160b31eabb4d0850be3781088", [:mix], [{:nimble_options, "~> 0.3 or ~> 1.0", [hex: :nimble_options, repo: "hexpm", optional: false]}], "hexpm", "8a3b10555b35988366f98adc62de0151f4869e8179a59cc84aa5a68701615ffd"},
  "input_event": {:hex, :input_event, "0.4.3", "ea1c6c81fd245f617858294ce106bf4b9c35822eaa94793ffa104cc0ae1bd323", [:make, :mix], [{:elixir_make, "~> 0.6", [hex: :elixir_make, repo: "hexpm", optional: false]}], "hexpm", "818bd6b20d3a6ccac868074138eae5dbae17baf2f7711b2852253d6461ad80db"},
  "jason": {:hex, :jason, "1.4.4", "b9226785a9aa77b6857ca22832cffa5d5011a667207eb2a0ad56adb5db443b8a", [:mix], [{:decimal, "~> 1.0 or ~> 2.0", [hex: :decimal, repo: "hexpm", optional: true]}], "hexpm", "c5eb0cab91f094599f94d55bc63409236a8ec69a21a67814529e8d5f6cc90b3b"},
  "nimble_options": {:hex, :nimble_options, "0.4.0", "c89babbab52221a24b8d1ff9e7d838be70f0d871be823165c94dd3418eea728f", [:mix], [], "hexpm", "e6701c1af326a11eea9634a3b1c62b475339ace9456c1a23ec3bc9a847bca02d"},
  "scenic": {:git, "https://github.com/ScenicFramework/scenic.git", "3b38c12ea79a03d930986fe633ee3ae54dca0d1f", [tag: "v0.11.1"]},
  "scenic_driver_local": {:git, "https://github.com/JediLuke/scenic_driver_local", "43b94d99fe0f692bda810e1be2643925f39904cf", [branch: "flamelex_vsn"]},
  "truetype_metrics": {:hex, :truetype_metrics, "0.6.1", "9119a04dc269dd8f63e85e12e4098f711cb7c5204a420f4896f40667b9e064f6", [:mix], [{:font_metrics, "~> 0.5", [hex: :font_metrics, repo: "hexpm", optional: false]}], "hexpm", "5711d4a3e4fc92eb073326fbe54208925d35168dc9b288c331ee666a8a84759b"},
}
